
Microsoft Visual Studio Solution File, Format Version 12.00
# Visual Studio Version 16
VisualStudioVersion = 16.0.32802.440
MinimumVisualStudioVersion = 10.0.40219.1
Project("{FAE04EC0-301F-11D3-BF4B-00C04F79EFBC}") = "Git_ProductAPI", "Git_ProductAPI\Git_ProductAPI.csproj", "{3D7E789F-927B-436A-99C2-DAA024465AFF}"
EndProject
Project("{FAE04EC0-301F-11D3-BF4B-00C04F79EFBC}") = "Git_Product", "Git_Product\Git_Product.csproj", "{1BD1799A-B3DD-482E-9FD2-3C4A83156BE8}"
EndProject
Global
	GlobalSection(SolutionConfigurationPlatforms) = preSolution
		Debug|Any CPU = Debug|Any CPU
		Release|Any CPU = Release|Any CPU
	EndGlobalSection
	GlobalSection(ProjectConfigurationPlatforms) = postSolution
		{3D7E789F-927B-436A-99C2-DAA024465AFF}.Debug|Any CPU.ActiveCfg = Debug|Any CPU
		{3D7E789F-927B-436A-99C2-DAA024465AFF}.Debug|Any CPU.Build.0 = Debug|Any CPU
		{3D7E789F-927B-436A-99C2-DAA024465AFF}.Release|Any CPU.ActiveCfg = Release|Any CPU
		{3D7E789F-927B-436A-99C2-DAA024465AFF}.Release|Any CPU.Build.0 = Release|Any CPU
		{1BD1799A-B3DD-482E-9FD2-3C4A83156BE8}.Debug|Any CPU.ActiveCfg = Debug|Any CPU
		{1BD1799A-B3DD-482E-9FD2-3C4A83156BE8}.Debug|Any CPU.Build.0 = Debug|Any CPU
		{1BD1799A-B3DD-482E-9FD2-3C4A83156BE8}.Release|Any CPU.ActiveCfg = Release|Any CPU
		{1BD1799A-B3DD-482E-9FD2-3C4A83156BE8}.Release|Any CPU.Build.0 = Release|Any CPU
	EndGlobalSection
	GlobalSection(SolutionProperties) = preSolution
		HideSolutionNode = FALSE
	EndGlobalSection
	GlobalSection(ExtensibilityGlobals) = postSolution
		SolutionGuid = {125174FB-9BDC-4438-84F3-079E4CBC7BDB}
	EndGlobalSection
EndGlobal
